// !$*UTF8*$!
{
	archiveVersion = 1;
	classes = {
	};
	objectVersion = 46;
	objects = {

/* Begin PBXBuildFile section */
		4CC9F857192903A600CC524B /* ModalBase.m in Sources */ = {isa = PBXBuildFile; fileRef = 4CC9F856192903A600CC524B /* ModalBase.m */; };
		4CC9F85A192903C800CC524B /* Profile.m in Sources */ = {isa = PBXBuildFile; fileRef = 4CC9F859192903C800CC524B /* Profile.m */; };
		4CC9F85D192903E600CC524B /* QuestionChoice.m in Sources */ = {isa = PBXBuildFile; fileRef = 4CC9F85C192903E600CC524B /* QuestionChoice.m */; };
		4CC9F860192903FB00CC524B /* Question.m in Sources */ = {isa = PBXBuildFile; fileRef = 4CC9F85F192903FB00CC524B /* Question.m */; };
		4CC9F8631929040A00CC524B /* Quiz.m in Sources */ = {isa = PBXBuildFile; fileRef = 4CC9F8621929040A00CC524B /* Quiz.m */; };
		4CC9F8661929041800CC524B /* Result.m in Sources */ = {isa = PBXBuildFile; fileRef = 4CC9F8651929041800CC524B /* Result.m */; };
		4CC9F86C1929044D00CC524B /* StudentResult.m in Sources */ = {isa = PBXBuildFile; fileRef = 4CC9F86B1929044D00CC524B /* StudentResult.m */; };
		4CC9F86F1929045F00CC524B /* StudentAnswer.m in Sources */ = {isa = PBXBuildFile; fileRef = 4CC9F86E1929045F00CC524B /* StudentAnswer.m */; };
		4CC9F8721929047300CC524B /* TopScorer.m in Sources */ = {isa = PBXBuildFile; fileRef = 4CC9F8711929047300CC524B /* TopScorer.m */; };
		4CCB01EB19326AA8008BF3C2 /* StudentAnswerSheet.m in Sources */ = {isa = PBXBuildFile; fileRef = 4CCB01EA19326AA8008BF3C2 /* StudentAnswerSheet.m */; };
		4CCB01EE19326ADF008BF3C2 /* StudentAnswerSheet+Parser.m in Sources */ = {isa = PBXBuildFile; fileRef = 4CCB01ED19326ADF008BF3C2 /* StudentAnswerSheet+Parser.m */; };
		A59C89B5190D68D9005829D7 /* Foundation.framework in Frameworks */ = {isa = PBXBuildFile; fileRef = A59C89B4190D68D9005829D7 /* Foundation.framework */; };
		A59C89B7190D68D9005829D7 /* CoreGraphics.framework in Frameworks */ = {isa = PBXBuildFile; fileRef = A59C89B6190D68D9005829D7 /* CoreGraphics.framework */; };
		A59C89B9190D68D9005829D7 /* UIKit.framework in Frameworks */ = {isa = PBXBuildFile; fileRef = A59C89B8190D68D9005829D7 /* UIKit.framework */; };
		A59C89BB190D68D9005829D7 /* CoreData.framework in Frameworks */ = {isa = PBXBuildFile; fileRef = A59C89BA190D68D9005829D7 /* CoreData.framework */; };
		A59C89C1190D68D9005829D7 /* InfoPlist.strings in Resources */ = {isa = PBXBuildFile; fileRef = A59C89BF190D68D9005829D7 /* InfoPlist.strings */; };
		A59C89C3190D68D9005829D7 /* main.m in Sources */ = {isa = PBXBuildFile; fileRef = A59C89C2190D68D9005829D7 /* main.m */; };
		A59C89C7190D68D9005829D7 /* AppDelegate.m in Sources */ = {isa = PBXBuildFile; fileRef = A59C89C6190D68D9005829D7 /* AppDelegate.m */; };
		A59C89CC190D68D9005829D7 /* Images.xcassets in Resources */ = {isa = PBXBuildFile; fileRef = A59C89CB190D68D9005829D7 /* Images.xcassets */; };
		A59C89D3190D68D9005829D7 /* XCTest.framework in Frameworks */ = {isa = PBXBuildFile; fileRef = A59C89D2190D68D9005829D7 /* XCTest.framework */; };
		A59C89D4190D68D9005829D7 /* Foundation.framework in Frameworks */ = {isa = PBXBuildFile; fileRef = A59C89B4190D68D9005829D7 /* Foundation.framework */; };
		A59C89D5190D68D9005829D7 /* UIKit.framework in Frameworks */ = {isa = PBXBuildFile; fileRef = A59C89B8190D68D9005829D7 /* UIKit.framework */; };
		A59C89D6190D68D9005829D7 /* CoreData.framework in Frameworks */ = {isa = PBXBuildFile; fileRef = A59C89BA190D68D9005829D7 /* CoreData.framework */; };
		A59C89DE190D68D9005829D7 /* InfoPlist.strings in Resources */ = {isa = PBXBuildFile; fileRef = A59C89DC190D68D9005829D7 /* InfoPlist.strings */; };
		A59C89E0190D68D9005829D7 /* P2PQuizzerTests.m in Sources */ = {isa = PBXBuildFile; fileRef = A59C89DF190D68D9005829D7 /* P2PQuizzerTests.m */; };
		A59E4FFC1931241E006E8889 /* QuizCDModel.m in Sources */ = {isa = PBXBuildFile; fileRef = A59E4FFB1931241E006E8889 /* QuizCDModel.m */; };
		A59E50001931247C006E8889 /* BaseCDManager.m in Sources */ = {isa = PBXBuildFile; fileRef = A59E4FFF1931247C006E8889 /* BaseCDManager.m */; };
		A59E5003193124A9006E8889 /* DBHelper.m in Sources */ = {isa = PBXBuildFile; fileRef = A59E5002193124A9006E8889 /* DBHelper.m */; };
		A59E5043193132AF006E8889 /* MagicalImportFunctions.m in Sources */ = {isa = PBXBuildFile; fileRef = A59E5009193132AF006E8889 /* MagicalImportFunctions.m */; };
		A59E5044193132AF006E8889 /* NSAttributeDescription+MagicalDataImport.m in Sources */ = {isa = PBXBuildFile; fileRef = A59E500B193132AF006E8889 /* NSAttributeDescription+MagicalDataImport.m */; };
		A59E5045193132AF006E8889 /* NSEntityDescription+MagicalDataImport.m in Sources */ = {isa = PBXBuildFile; fileRef = A59E500D193132AF006E8889 /* NSEntityDescription+MagicalDataImport.m */; };
		A59E5046193132AF006E8889 /* NSNumber+MagicalDataImport.m in Sources */ = {isa = PBXBuildFile; fileRef = A59E500F193132AF006E8889 /* NSNumber+MagicalDataImport.m */; };
		A59E5047193132AF006E8889 /* NSObject+MagicalDataImport.m in Sources */ = {isa = PBXBuildFile; fileRef = A59E5011193132AF006E8889 /* NSObject+MagicalDataImport.m */; };
		A59E5048193132AF006E8889 /* NSRelationshipDescription+MagicalDataImport.m in Sources */ = {isa = PBXBuildFile; fileRef = A59E5013193132AF006E8889 /* NSRelationshipDescription+MagicalDataImport.m */; };
		A59E5049193132AF006E8889 /* NSString+MagicalDataImport.m in Sources */ = {isa = PBXBuildFile; fileRef = A59E5015193132AF006E8889 /* NSString+MagicalDataImport.m */; };
		A59E504A193132AF006E8889 /* NSManagedObject+MagicalAggregation.m in Sources */ = {isa = PBXBuildFile; fileRef = A59E5018193132AF006E8889 /* NSManagedObject+MagicalAggregation.m */; };
		A59E504B193132AF006E8889 /* NSManagedObject+MagicalDataImport.m in Sources */ = {isa = PBXBuildFile; fileRef = A59E501A193132AF006E8889 /* NSManagedObject+MagicalDataImport.m */; };
		A59E504C193132AF006E8889 /* NSManagedObject+MagicalFinders.m in Sources */ = {isa = PBXBuildFile; fileRef = A59E501C193132AF006E8889 /* NSManagedObject+MagicalFinders.m */; };
		A59E504D193132AF006E8889 /* NSManagedObject+MagicalRecord.m in Sources */ = {isa = PBXBuildFile; fileRef = A59E501E193132AF006E8889 /* NSManagedObject+MagicalRecord.m */; };
		A59E504E193132AF006E8889 /* NSManagedObject+MagicalRequests.m in Sources */ = {isa = PBXBuildFile; fileRef = A59E5020193132AF006E8889 /* NSManagedObject+MagicalRequests.m */; };
		A59E504F193132AF006E8889 /* NSManagedObjectContext+MagicalObserving.m in Sources */ = {isa = PBXBuildFile; fileRef = A59E5023193132AF006E8889 /* NSManagedObjectContext+MagicalObserving.m */; };
		A59E5050193132AF006E8889 /* NSManagedObjectContext+MagicalRecord.m in Sources */ = {isa = PBXBuildFile; fileRef = A59E5025193132AF006E8889 /* NSManagedObjectContext+MagicalRecord.m */; };
		A59E5051193132AF006E8889 /* NSManagedObjectContext+MagicalSaves.m in Sources */ = {isa = PBXBuildFile; fileRef = A59E5027193132AF006E8889 /* NSManagedObjectContext+MagicalSaves.m */; };
		A59E5052193132AF006E8889 /* NSManagedObjectContext+MagicalThreading.m in Sources */ = {isa = PBXBuildFile; fileRef = A59E5029193132AF006E8889 /* NSManagedObjectContext+MagicalThreading.m */; };
		A59E5053193132AF006E8889 /* NSManagedObjectModel+MagicalRecord.m in Sources */ = {isa = PBXBuildFile; fileRef = A59E502B193132AF006E8889 /* NSManagedObjectModel+MagicalRecord.m */; };
		A59E5054193132AF006E8889 /* NSPersistentStore+MagicalRecord.m in Sources */ = {isa = PBXBuildFile; fileRef = A59E502D193132AF006E8889 /* NSPersistentStore+MagicalRecord.m */; };
		A59E5055193132AF006E8889 /* NSPersistentStoreCoordinator+MagicalRecord.m in Sources */ = {isa = PBXBuildFile; fileRef = A59E502F193132AF006E8889 /* NSPersistentStoreCoordinator+MagicalRecord.m */; };
		A59E5056193132AF006E8889 /* MagicalRecord+Actions.m in Sources */ = {isa = PBXBuildFile; fileRef = A59E5032193132AF006E8889 /* MagicalRecord+Actions.m */; };
		A59E5057193132AF006E8889 /* MagicalRecord+ErrorHandling.m in Sources */ = {isa = PBXBuildFile; fileRef = A59E5034193132AF006E8889 /* MagicalRecord+ErrorHandling.m */; };
		A59E5058193132AF006E8889 /* MagicalRecord+iCloud.m in Sources */ = {isa = PBXBuildFile; fileRef = A59E5036193132AF006E8889 /* MagicalRecord+iCloud.m */; };
		A59E5059193132AF006E8889 /* MagicalRecord+Options.m in Sources */ = {isa = PBXBuildFile; fileRef = A59E5038193132AF006E8889 /* MagicalRecord+Options.m */; };
		A59E505A193132AF006E8889 /* MagicalRecord+Setup.m in Sources */ = {isa = PBXBuildFile; fileRef = A59E503A193132AF006E8889 /* MagicalRecord+Setup.m */; };
		A59E505B193132AF006E8889 /* MagicalRecord+ShorthandSupport.m in Sources */ = {isa = PBXBuildFile; fileRef = A59E503C193132AF006E8889 /* MagicalRecord+ShorthandSupport.m */; };
		A59E505C193132AF006E8889 /* MagicalRecord.m in Sources */ = {isa = PBXBuildFile; fileRef = A59E503E193132AF006E8889 /* MagicalRecord.m */; };
		A59E505F19313C8A006E8889 /* QuizCDManager.m in Sources */ = {isa = PBXBuildFile; fileRef = A59E505E19313C8A006E8889 /* QuizCDManager.m */; };
		A59E50651931436D006E8889 /* QuizBDC.m in Sources */ = {isa = PBXBuildFile; fileRef = A59E50641931436D006E8889 /* QuizBDC.m */; };
		A59E506919314613006E8889 /* P2PQuizzer.xcdatamodeld in Sources */ = {isa = PBXBuildFile; fileRef = A59E506719314613006E8889 /* P2PQuizzer.xcdatamodeld */; };
		A59E506D19314BB3006E8889 /* NSString+Utilities.m in Sources */ = {isa = PBXBuildFile; fileRef = A59E506C19314BB3006E8889 /* NSString+Utilities.m */; };
		A5B68D60191EBBB5009F108D /* MPCHandler.m in Sources */ = {isa = PBXBuildFile; fileRef = A5B68D5F191EBBB5009F108D /* MPCHandler.m */; };
		A5B68D64191EC208009F108D /* AppShared.m in Sources */ = {isa = PBXBuildFile; fileRef = A5B68D63191EC208009F108D /* AppShared.m */; };
		A5B68D68191ED4BC009F108D /* MPOptionsViewController.m in Sources */ = {isa = PBXBuildFile; fileRef = A5B68D67191ED4BC009F108D /* MPOptionsViewController.m */; };
		A5B68D6B191ED532009F108D /* Storyboard.storyboard in Resources */ = {isa = PBXBuildFile; fileRef = A5B68D6A191ED532009F108D /* Storyboard.storyboard */; };
		A5DA912B1932487200474314 /* libz.1.2.5.dylib in Frameworks */ = {isa = PBXBuildFile; fileRef = A5DA912A1932487200474314 /* libz.1.2.5.dylib */; };
		A5DA913A1932496700474314 /* ChangeLogUnzip in Resources */ = {isa = PBXBuildFile; fileRef = A5DA912E1932496600474314 /* ChangeLogUnzip */; };
		A5DA913B1932496700474314 /* ioapi.c in Sources */ = {isa = PBXBuildFile; fileRef = A5DA91301932496600474314 /* ioapi.c */; };
		A5DA913C1932496700474314 /* mztools.c in Sources */ = {isa = PBXBuildFile; fileRef = A5DA91321932496600474314 /* mztools.c */; };
		A5DA913D1932496700474314 /* unzip.c in Sources */ = {isa = PBXBuildFile; fileRef = A5DA91341932496700474314 /* unzip.c */; };
		A5DA913E1932496700474314 /* zip.c in Sources */ = {isa = PBXBuildFile; fileRef = A5DA91361932496700474314 /* zip.c */; };
		A5DA913F1932496700474314 /* ZipArchive.mm in Sources */ = {isa = PBXBuildFile; fileRef = A5DA91391932496700474314 /* ZipArchive.mm */; settings = {COMPILER_FLAGS = "-fno-objc-arc"; }; };
		A5DA914319324E7C00474314 /* FileManager.m in Sources */ = {isa = PBXBuildFile; fileRef = A5DA914219324E7C00474314 /* FileManager.m */; };
		A5DA9153193255C700474314 /* Question+Parser.m in Sources */ = {isa = PBXBuildFile; fileRef = A5DA9146193255C700474314 /* Question+Parser.m */; };
		A5DA9154193255C700474314 /* QuestionChoice+Parser.m in Sources */ = {isa = PBXBuildFile; fileRef = A5DA9148193255C700474314 /* QuestionChoice+Parser.m */; };
		A5DA9155193255C700474314 /* Quiz+Parser.m in Sources */ = {isa = PBXBuildFile; fileRef = A5DA914A193255C700474314 /* Quiz+Parser.m */; };
		A5DA9156193255C700474314 /* Result+Parser.m in Sources */ = {isa = PBXBuildFile; fileRef = A5DA914C193255C700474314 /* Result+Parser.m */; };
		A5DA9157193255C700474314 /* StudentAnswer+Parser.m in Sources */ = {isa = PBXBuildFile; fileRef = A5DA914E193255C700474314 /* StudentAnswer+Parser.m */; };
		A5DA9158193255C700474314 /* StudentResult+Parser.m in Sources */ = {isa = PBXBuildFile; fileRef = A5DA9150193255C700474314 /* StudentResult+Parser.m */; };
		A5DA9159193255C700474314 /* TopScorer+Parser.m in Sources */ = {isa = PBXBuildFile; fileRef = A5DA9152193255C700474314 /* TopScorer+Parser.m */; };
		A5DA915C193256FB00474314 /* NSDictionary+Utilities.m in Sources */ = {isa = PBXBuildFile; fileRef = A5DA915B193256FB00474314 /* NSDictionary+Utilities.m */; };
/* End PBXBuildFile section */

/* Begin PBXContainerItemProxy section */
		A59C89D7190D68D9005829D7 /* PBXContainerItemProxy */ = {
			isa = PBXContainerItemProxy;
			containerPortal = A59C89A9190D68D9005829D7 /* Project object */;
			proxyType = 1;
			remoteGlobalIDString = A59C89B0190D68D9005829D7;
			remoteInfo = P2PQuizzer;
		};
/* End PBXContainerItemProxy section */

/* Begin PBXFileReference section */
		4CC9F855192903A600CC524B /* ModalBase.h */ = {isa = PBXFileReference; fileEncoding = 4; lastKnownFileType = sourcecode.c.h; path = ModalBase.h; sourceTree = "<group>"; };
		4CC9F856192903A600CC524B /* ModalBase.m */ = {isa = PBXFileReference; fileEncoding = 4; lastKnownFileType = sourcecode.c.objc; path = ModalBase.m; sourceTree = "<group>"; };
		4CC9F858192903C800CC524B /* Profile.h */ = {isa = PBXFileReference; fileEncoding = 4; lastKnownFileType = sourcecode.c.h; path = Profile.h; sourceTree = "<group>"; };
		4CC9F859192903C800CC524B /* Profile.m */ = {isa = PBXFileReference; fileEncoding = 4; lastKnownFileType = sourcecode.c.objc; path = Profile.m; sourceTree = "<group>"; };
		4CC9F85B192903E600CC524B /* QuestionChoice.h */ = {isa = PBXFileReference; fileEncoding = 4; lastKnownFileType = sourcecode.c.h; path = QuestionChoice.h; sourceTree = "<group>"; };
		4CC9F85C192903E600CC524B /* QuestionChoice.m */ = {isa = PBXFileReference; fileEncoding = 4; lastKnownFileType = sourcecode.c.objc; path = QuestionChoice.m; sourceTree = "<group>"; };
		4CC9F85E192903FB00CC524B /* Question.h */ = {isa = PBXFileReference; fileEncoding = 4; lastKnownFileType = sourcecode.c.h; path = Question.h; sourceTree = "<group>"; };
		4CC9F85F192903FB00CC524B /* Question.m */ = {isa = PBXFileReference; fileEncoding = 4; lastKnownFileType = sourcecode.c.objc; path = Question.m; sourceTree = "<group>"; };
		4CC9F8611929040A00CC524B /* Quiz.h */ = {isa = PBXFileReference; fileEncoding = 4; lastKnownFileType = sourcecode.c.h; path = Quiz.h; sourceTree = "<group>"; };
		4CC9F8621929040A00CC524B /* Quiz.m */ = {isa = PBXFileReference; fileEncoding = 4; lastKnownFileType = sourcecode.c.objc; path = Quiz.m; sourceTree = "<group>"; };
		4CC9F8641929041800CC524B /* Result.h */ = {isa = PBXFileReference; fileEncoding = 4; lastKnownFileType = sourcecode.c.h; path = Result.h; sourceTree = "<group>"; };
		4CC9F8651929041800CC524B /* Result.m */ = {isa = PBXFileReference; fileEncoding = 4; lastKnownFileType = sourcecode.c.objc; path = Result.m; sourceTree = "<group>"; };
		4CC9F86A1929044D00CC524B /* StudentResult.h */ = {isa = PBXFileReference; fileEncoding = 4; lastKnownFileType = sourcecode.c.h; path = StudentResult.h; sourceTree = "<group>"; };
		4CC9F86B1929044D00CC524B /* StudentResult.m */ = {isa = PBXFileReference; fileEncoding = 4; lastKnownFileType = sourcecode.c.objc; path = StudentResult.m; sourceTree = "<group>"; };
		4CC9F86D1929045F00CC524B /* StudentAnswer.h */ = {isa = PBXFileReference; fileEncoding = 4; lastKnownFileType = sourcecode.c.h; path = StudentAnswer.h; sourceTree = "<group>"; };
		4CC9F86E1929045F00CC524B /* StudentAnswer.m */ = {isa = PBXFileReference; fileEncoding = 4; lastKnownFileType = sourcecode.c.objc; path = StudentAnswer.m; sourceTree = "<group>"; };
		4CC9F8701929047300CC524B /* TopScorer.h */ = {isa = PBXFileReference; fileEncoding = 4; lastKnownFileType = sourcecode.c.h; path = TopScorer.h; sourceTree = "<group>"; };
		4CC9F8711929047300CC524B /* TopScorer.m */ = {isa = PBXFileReference; fileEncoding = 4; lastKnownFileType = sourcecode.c.objc; path = TopScorer.m; sourceTree = "<group>"; };
		4CCB01E919326AA8008BF3C2 /* StudentAnswerSheet.h */ = {isa = PBXFileReference; fileEncoding = 4; lastKnownFileType = sourcecode.c.h; path = StudentAnswerSheet.h; sourceTree = "<group>"; };
		4CCB01EA19326AA8008BF3C2 /* StudentAnswerSheet.m */ = {isa = PBXFileReference; fileEncoding = 4; lastKnownFileType = sourcecode.c.objc; path = StudentAnswerSheet.m; sourceTree = "<group>"; };
		4CCB01EC19326ADF008BF3C2 /* StudentAnswerSheet+Parser.h */ = {isa = PBXFileReference; fileEncoding = 4; lastKnownFileType = sourcecode.c.h; path = "StudentAnswerSheet+Parser.h"; sourceTree = "<group>"; };
		4CCB01ED19326ADF008BF3C2 /* StudentAnswerSheet+Parser.m */ = {isa = PBXFileReference; fileEncoding = 4; lastKnownFileType = sourcecode.c.objc; path = "StudentAnswerSheet+Parser.m"; sourceTree = "<group>"; };
		A59C89B1190D68D9005829D7 /* P2PQuizzer.app */ = {isa = PBXFileReference; explicitFileType = wrapper.application; includeInIndex = 0; path = P2PQuizzer.app; sourceTree = BUILT_PRODUCTS_DIR; };
		A59C89B4190D68D9005829D7 /* Foundation.framework */ = {isa = PBXFileReference; lastKnownFileType = wrapper.framework; name = Foundation.framework; path = System/Library/Frameworks/Foundation.framework; sourceTree = SDKROOT; };
		A59C89B6190D68D9005829D7 /* CoreGraphics.framework */ = {isa = PBXFileReference; lastKnownFileType = wrapper.framework; name = CoreGraphics.framework; path = System/Library/Frameworks/CoreGraphics.framework; sourceTree = SDKROOT; };
		A59C89B8190D68D9005829D7 /* UIKit.framework */ = {isa = PBXFileReference; lastKnownFileType = wrapper.framework; name = UIKit.framework; path = System/Library/Frameworks/UIKit.framework; sourceTree = SDKROOT; };
		A59C89BA190D68D9005829D7 /* CoreData.framework */ = {isa = PBXFileReference; lastKnownFileType = wrapper.framework; name = CoreData.framework; path = System/Library/Frameworks/CoreData.framework; sourceTree = SDKROOT; };
		A59C89BE190D68D9005829D7 /* P2PQuizzer-Info.plist */ = {isa = PBXFileReference; lastKnownFileType = text.plist.xml; path = "P2PQuizzer-Info.plist"; sourceTree = "<group>"; };
		A59C89C0190D68D9005829D7 /* en */ = {isa = PBXFileReference; lastKnownFileType = text.plist.strings; name = en; path = en.lproj/InfoPlist.strings; sourceTree = "<group>"; };
		A59C89C2190D68D9005829D7 /* main.m */ = {isa = PBXFileReference; lastKnownFileType = sourcecode.c.objc; path = main.m; sourceTree = "<group>"; };
		A59C89C4190D68D9005829D7 /* P2PQuizzer-Prefix.pch */ = {isa = PBXFileReference; lastKnownFileType = sourcecode.c.h; path = "P2PQuizzer-Prefix.pch"; sourceTree = "<group>"; };
		A59C89C5190D68D9005829D7 /* AppDelegate.h */ = {isa = PBXFileReference; lastKnownFileType = sourcecode.c.h; path = AppDelegate.h; sourceTree = "<group>"; };
		A59C89C6190D68D9005829D7 /* AppDelegate.m */ = {isa = PBXFileReference; lastKnownFileType = sourcecode.c.objc; path = AppDelegate.m; sourceTree = "<group>"; };
		A59C89CB190D68D9005829D7 /* Images.xcassets */ = {isa = PBXFileReference; lastKnownFileType = folder.assetcatalog; path = Images.xcassets; sourceTree = "<group>"; };
		A59C89D1190D68D9005829D7 /* P2PQuizzerTests.xctest */ = {isa = PBXFileReference; explicitFileType = wrapper.cfbundle; includeInIndex = 0; path = P2PQuizzerTests.xctest; sourceTree = BUILT_PRODUCTS_DIR; };
		A59C89D2190D68D9005829D7 /* XCTest.framework */ = {isa = PBXFileReference; lastKnownFileType = wrapper.framework; name = XCTest.framework; path = Library/Frameworks/XCTest.framework; sourceTree = DEVELOPER_DIR; };
		A59C89DB190D68D9005829D7 /* P2PQuizzerTests-Info.plist */ = {isa = PBXFileReference; lastKnownFileType = text.plist.xml; path = "P2PQuizzerTests-Info.plist"; sourceTree = "<group>"; };
		A59C89DD190D68D9005829D7 /* en */ = {isa = PBXFileReference; lastKnownFileType = text.plist.strings; name = en; path = en.lproj/InfoPlist.strings; sourceTree = "<group>"; };
		A59C89DF190D68D9005829D7 /* P2PQuizzerTests.m */ = {isa = PBXFileReference; lastKnownFileType = sourcecode.c.objc; path = P2PQuizzerTests.m; sourceTree = "<group>"; };
		A59E4FFA1931241E006E8889 /* QuizCDModel.h */ = {isa = PBXFileReference; fileEncoding = 4; lastKnownFileType = sourcecode.c.h; path = QuizCDModel.h; sourceTree = "<group>"; };
		A59E4FFB1931241E006E8889 /* QuizCDModel.m */ = {isa = PBXFileReference; fileEncoding = 4; lastKnownFileType = sourcecode.c.objc; path = QuizCDModel.m; sourceTree = "<group>"; };
		A59E4FFE1931247C006E8889 /* BaseCDManager.h */ = {isa = PBXFileReference; fileEncoding = 4; lastKnownFileType = sourcecode.c.h; path = BaseCDManager.h; sourceTree = "<group>"; };
		A59E4FFF1931247C006E8889 /* BaseCDManager.m */ = {isa = PBXFileReference; fileEncoding = 4; lastKnownFileType = sourcecode.c.objc; path = BaseCDManager.m; sourceTree = "<group>"; };
		A59E5001193124A9006E8889 /* DBHelper.h */ = {isa = PBXFileReference; fileEncoding = 4; lastKnownFileType = sourcecode.c.h; path = DBHelper.h; sourceTree = "<group>"; };
		A59E5002193124A9006E8889 /* DBHelper.m */ = {isa = PBXFileReference; fileEncoding = 4; lastKnownFileType = sourcecode.c.objc; path = DBHelper.m; sourceTree = "<group>"; };
		A59E5008193132AF006E8889 /* MagicalImportFunctions.h */ = {isa = PBXFileReference; fileEncoding = 4; lastKnownFileType = sourcecode.c.h; path = MagicalImportFunctions.h; sourceTree = "<group>"; };
		A59E5009193132AF006E8889 /* MagicalImportFunctions.m */ = {isa = PBXFileReference; fileEncoding = 4; lastKnownFileType = sourcecode.c.objc; path = MagicalImportFunctions.m; sourceTree = "<group>"; };
		A59E500A193132AF006E8889 /* NSAttributeDescription+MagicalDataImport.h */ = {isa = PBXFileReference; fileEncoding = 4; lastKnownFileType = sourcecode.c.h; path = "NSAttributeDescription+MagicalDataImport.h"; sourceTree = "<group>"; };
		A59E500B193132AF006E8889 /* NSAttributeDescription+MagicalDataImport.m */ = {isa = PBXFileReference; fileEncoding = 4; lastKnownFileType = sourcecode.c.objc; path = "NSAttributeDescription+MagicalDataImport.m"; sourceTree = "<group>"; };
		A59E500C193132AF006E8889 /* NSEntityDescription+MagicalDataImport.h */ = {isa = PBXFileReference; fileEncoding = 4; lastKnownFileType = sourcecode.c.h; path = "NSEntityDescription+MagicalDataImport.h"; sourceTree = "<group>"; };
		A59E500D193132AF006E8889 /* NSEntityDescription+MagicalDataImport.m */ = {isa = PBXFileReference; fileEncoding = 4; lastKnownFileType = sourcecode.c.objc; path = "NSEntityDescription+MagicalDataImport.m"; sourceTree = "<group>"; };
		A59E500E193132AF006E8889 /* NSNumber+MagicalDataImport.h */ = {isa = PBXFileReference; fileEncoding = 4; lastKnownFileType = sourcecode.c.h; path = "NSNumber+MagicalDataImport.h"; sourceTree = "<group>"; };
		A59E500F193132AF006E8889 /* NSNumber+MagicalDataImport.m */ = {isa = PBXFileReference; fileEncoding = 4; lastKnownFileType = sourcecode.c.objc; path = "NSNumber+MagicalDataImport.m"; sourceTree = "<group>"; };
		A59E5010193132AF006E8889 /* NSObject+MagicalDataImport.h */ = {isa = PBXFileReference; fileEncoding = 4; lastKnownFileType = sourcecode.c.h; path = "NSObject+MagicalDataImport.h"; sourceTree = "<group>"; };
		A59E5011193132AF006E8889 /* NSObject+MagicalDataImport.m */ = {isa = PBXFileReference; fileEncoding = 4; lastKnownFileType = sourcecode.c.objc; path = "NSObject+MagicalDataImport.m"; sourceTree = "<group>"; };
		A59E5012193132AF006E8889 /* NSRelationshipDescription+MagicalDataImport.h */ = {isa = PBXFileReference; fileEncoding = 4; lastKnownFileType = sourcecode.c.h; path = "NSRelationshipDescription+MagicalDataImport.h"; sourceTree = "<group>"; };
		A59E5013193132AF006E8889 /* NSRelationshipDescription+MagicalDataImport.m */ = {isa = PBXFileReference; fileEncoding = 4; lastKnownFileType = sourcecode.c.objc; path = "NSRelationshipDescription+MagicalDataImport.m"; sourceTree = "<group>"; };
		A59E5014193132AF006E8889 /* NSString+MagicalDataImport.h */ = {isa = PBXFileReference; fileEncoding = 4; lastKnownFileType = sourcecode.c.h; path = "NSString+MagicalDataImport.h"; sourceTree = "<group>"; };
		A59E5015193132AF006E8889 /* NSString+MagicalDataImport.m */ = {isa = PBXFileReference; fileEncoding = 4; lastKnownFileType = sourcecode.c.objc; path = "NSString+MagicalDataImport.m"; sourceTree = "<group>"; };
		A59E5017193132AF006E8889 /* NSManagedObject+MagicalAggregation.h */ = {isa = PBXFileReference; fileEncoding = 4; lastKnownFileType = sourcecode.c.h; path = "NSManagedObject+MagicalAggregation.h"; sourceTree = "<group>"; };
		A59E5018193132AF006E8889 /* NSManagedObject+MagicalAggregation.m */ = {isa = PBXFileReference; fileEncoding = 4; lastKnownFileType = sourcecode.c.objc; path = "NSManagedObject+MagicalAggregation.m"; sourceTree = "<group>"; };
		A59E5019193132AF006E8889 /* NSManagedObject+MagicalDataImport.h */ = {isa = PBXFileReference; fileEncoding = 4; lastKnownFileType = sourcecode.c.h; path = "NSManagedObject+MagicalDataImport.h"; sourceTree = "<group>"; };
		A59E501A193132AF006E8889 /* NSManagedObject+MagicalDataImport.m */ = {isa = PBXFileReference; fileEncoding = 4; lastKnownFileType = sourcecode.c.objc; path = "NSManagedObject+MagicalDataImport.m"; sourceTree = "<group>"; };
		A59E501B193132AF006E8889 /* NSManagedObject+MagicalFinders.h */ = {isa = PBXFileReference; fileEncoding = 4; lastKnownFileType = sourcecode.c.h; path = "NSManagedObject+MagicalFinders.h"; sourceTree = "<group>"; };
		A59E501C193132AF006E8889 /* NSManagedObject+MagicalFinders.m */ = {isa = PBXFileReference; fileEncoding = 4; lastKnownFileType = sourcecode.c.objc; path = "NSManagedObject+MagicalFinders.m"; sourceTree = "<group>"; };
		A59E501D193132AF006E8889 /* NSManagedObject+MagicalRecord.h */ = {isa = PBXFileReference; fileEncoding = 4; lastKnownFileType = sourcecode.c.h; path = "NSManagedObject+MagicalRecord.h"; sourceTree = "<group>"; };
		A59E501E193132AF006E8889 /* NSManagedObject+MagicalRecord.m */ = {isa = PBXFileReference; fileEncoding = 4; lastKnownFileType = sourcecode.c.objc; path = "NSManagedObject+MagicalRecord.m"; sourceTree = "<group>"; };
		A59E501F193132AF006E8889 /* NSManagedObject+MagicalRequests.h */ = {isa = PBXFileReference; fileEncoding = 4; lastKnownFileType = sourcecode.c.h; path = "NSManagedObject+MagicalRequests.h"; sourceTree = "<group>"; };
		A59E5020193132AF006E8889 /* NSManagedObject+MagicalRequests.m */ = {isa = PBXFileReference; fileEncoding = 4; lastKnownFileType = sourcecode.c.objc; path = "NSManagedObject+MagicalRequests.m"; sourceTree = "<group>"; };
		A59E5022193132AF006E8889 /* NSManagedObjectContext+MagicalObserving.h */ = {isa = PBXFileReference; fileEncoding = 4; lastKnownFileType = sourcecode.c.h; path = "NSManagedObjectContext+MagicalObserving.h"; sourceTree = "<group>"; };
		A59E5023193132AF006E8889 /* NSManagedObjectContext+MagicalObserving.m */ = {isa = PBXFileReference; fileEncoding = 4; lastKnownFileType = sourcecode.c.objc; path = "NSManagedObjectContext+MagicalObserving.m"; sourceTree = "<group>"; };
		A59E5024193132AF006E8889 /* NSManagedObjectContext+MagicalRecord.h */ = {isa = PBXFileReference; fileEncoding = 4; lastKnownFileType = sourcecode.c.h; path = "NSManagedObjectContext+MagicalRecord.h"; sourceTree = "<group>"; };
		A59E5025193132AF006E8889 /* NSManagedObjectContext+MagicalRecord.m */ = {isa = PBXFileReference; fileEncoding = 4; lastKnownFileType = sourcecode.c.objc; path = "NSManagedObjectContext+MagicalRecord.m"; sourceTree = "<group>"; };
		A59E5026193132AF006E8889 /* NSManagedObjectContext+MagicalSaves.h */ = {isa = PBXFileReference; fileEncoding = 4; lastKnownFileType = sourcecode.c.h; path = "NSManagedObjectContext+MagicalSaves.h"; sourceTree = "<group>"; };
		A59E5027193132AF006E8889 /* NSManagedObjectContext+MagicalSaves.m */ = {isa = PBXFileReference; fileEncoding = 4; lastKnownFileType = sourcecode.c.objc; path = "NSManagedObjectContext+MagicalSaves.m"; sourceTree = "<group>"; };
		A59E5028193132AF006E8889 /* NSManagedObjectContext+MagicalThreading.h */ = {isa = PBXFileReference; fileEncoding = 4; lastKnownFileType = sourcecode.c.h; path = "NSManagedObjectContext+MagicalThreading.h"; sourceTree = "<group>"; };
		A59E5029193132AF006E8889 /* NSManagedObjectContext+MagicalThreading.m */ = {isa = PBXFileReference; fileEncoding = 4; lastKnownFileType = sourcecode.c.objc; path = "NSManagedObjectContext+MagicalThreading.m"; sourceTree = "<group>"; };
		A59E502A193132AF006E8889 /* NSManagedObjectModel+MagicalRecord.h */ = {isa = PBXFileReference; fileEncoding = 4; lastKnownFileType = sourcecode.c.h; path = "NSManagedObjectModel+MagicalRecord.h"; sourceTree = "<group>"; };
		A59E502B193132AF006E8889 /* NSManagedObjectModel+MagicalRecord.m */ = {isa = PBXFileReference; fileEncoding = 4; lastKnownFileType = sourcecode.c.objc; path = "NSManagedObjectModel+MagicalRecord.m"; sourceTree = "<group>"; };
		A59E502C193132AF006E8889 /* NSPersistentStore+MagicalRecord.h */ = {isa = PBXFileReference; fileEncoding = 4; lastKnownFileType = sourcecode.c.h; path = "NSPersistentStore+MagicalRecord.h"; sourceTree = "<group>"; };
		A59E502D193132AF006E8889 /* NSPersistentStore+MagicalRecord.m */ = {isa = PBXFileReference; fileEncoding = 4; lastKnownFileType = sourcecode.c.objc; path = "NSPersistentStore+MagicalRecord.m"; sourceTree = "<group>"; };
		A59E502E193132AF006E8889 /* NSPersistentStoreCoordinator+MagicalRecord.h */ = {isa = PBXFileReference; fileEncoding = 4; lastKnownFileType = sourcecode.c.h; path = "NSPersistentStoreCoordinator+MagicalRecord.h"; sourceTree = "<group>"; };
		A59E502F193132AF006E8889 /* NSPersistentStoreCoordinator+MagicalRecord.m */ = {isa = PBXFileReference; fileEncoding = 4; lastKnownFileType = sourcecode.c.objc; path = "NSPersistentStoreCoordinator+MagicalRecord.m"; sourceTree = "<group>"; };
		A59E5031193132AF006E8889 /* MagicalRecord+Actions.h */ = {isa = PBXFileReference; fileEncoding = 4; lastKnownFileType = sourcecode.c.h; path = "MagicalRecord+Actions.h"; sourceTree = "<group>"; };
		A59E5032193132AF006E8889 /* MagicalRecord+Actions.m */ = {isa = PBXFileReference; fileEncoding = 4; lastKnownFileType = sourcecode.c.objc; path = "MagicalRecord+Actions.m"; sourceTree = "<group>"; };
		A59E5033193132AF006E8889 /* MagicalRecord+ErrorHandling.h */ = {isa = PBXFileReference; fileEncoding = 4; lastKnownFileType = sourcecode.c.h; path = "MagicalRecord+ErrorHandling.h"; sourceTree = "<group>"; };
		A59E5034193132AF006E8889 /* MagicalRecord+ErrorHandling.m */ = {isa = PBXFileReference; fileEncoding = 4; lastKnownFileType = sourcecode.c.objc; path = "MagicalRecord+ErrorHandling.m"; sourceTree = "<group>"; };
		A59E5035193132AF006E8889 /* MagicalRecord+iCloud.h */ = {isa = PBXFileReference; fileEncoding = 4; lastKnownFileType = sourcecode.c.h; path = "MagicalRecord+iCloud.h"; sourceTree = "<group>"; };
		A59E5036193132AF006E8889 /* MagicalRecord+iCloud.m */ = {isa = PBXFileReference; fileEncoding = 4; lastKnownFileType = sourcecode.c.objc; path = "MagicalRecord+iCloud.m"; sourceTree = "<group>"; };
		A59E5037193132AF006E8889 /* MagicalRecord+Options.h */ = {isa = PBXFileReference; fileEncoding = 4; lastKnownFileType = sourcecode.c.h; path = "MagicalRecord+Options.h"; sourceTree = "<group>"; };
		A59E5038193132AF006E8889 /* MagicalRecord+Options.m */ = {isa = PBXFileReference; fileEncoding = 4; lastKnownFileType = sourcecode.c.objc; path = "MagicalRecord+Options.m"; sourceTree = "<group>"; };
		A59E5039193132AF006E8889 /* MagicalRecord+Setup.h */ = {isa = PBXFileReference; fileEncoding = 4; lastKnownFileType = sourcecode.c.h; path = "MagicalRecord+Setup.h"; sourceTree = "<group>"; };
		A59E503A193132AF006E8889 /* MagicalRecord+Setup.m */ = {isa = PBXFileReference; fileEncoding = 4; lastKnownFileType = sourcecode.c.objc; path = "MagicalRecord+Setup.m"; sourceTree = "<group>"; };
		A59E503B193132AF006E8889 /* MagicalRecord+ShorthandSupport.h */ = {isa = PBXFileReference; fileEncoding = 4; lastKnownFileType = sourcecode.c.h; path = "MagicalRecord+ShorthandSupport.h"; sourceTree = "<group>"; };
		A59E503C193132AF006E8889 /* MagicalRecord+ShorthandSupport.m */ = {isa = PBXFileReference; fileEncoding = 4; lastKnownFileType = sourcecode.c.objc; path = "MagicalRecord+ShorthandSupport.m"; sourceTree = "<group>"; };
		A59E503D193132AF006E8889 /* MagicalRecord.h */ = {isa = PBXFileReference; fileEncoding = 4; lastKnownFileType = sourcecode.c.h; path = MagicalRecord.h; sourceTree = "<group>"; };
		A59E503E193132AF006E8889 /* MagicalRecord.m */ = {isa = PBXFileReference; fileEncoding = 4; lastKnownFileType = sourcecode.c.objc; path = MagicalRecord.m; sourceTree = "<group>"; };
		A59E503F193132AF006E8889 /* MagicalRecordDeprecated.h */ = {isa = PBXFileReference; fileEncoding = 4; lastKnownFileType = sourcecode.c.h; path = MagicalRecordDeprecated.h; sourceTree = "<group>"; };
		A59E5040193132AF006E8889 /* MagicalRecordLogging.h */ = {isa = PBXFileReference; fileEncoding = 4; lastKnownFileType = sourcecode.c.h; path = MagicalRecordLogging.h; sourceTree = "<group>"; };
		A59E5041193132AF006E8889 /* MagicalRecordShorthand.h */ = {isa = PBXFileReference; fileEncoding = 4; lastKnownFileType = sourcecode.c.h; path = MagicalRecordShorthand.h; sourceTree = "<group>"; };
		A59E5042193132AF006E8889 /* CoreData+MagicalRecord.h */ = {isa = PBXFileReference; fileEncoding = 4; lastKnownFileType = sourcecode.c.h; path = "CoreData+MagicalRecord.h"; sourceTree = "<group>"; };
		A59E505D19313C8A006E8889 /* QuizCDManager.h */ = {isa = PBXFileReference; fileEncoding = 4; lastKnownFileType = sourcecode.c.h; path = QuizCDManager.h; sourceTree = "<group>"; };
		A59E505E19313C8A006E8889 /* QuizCDManager.m */ = {isa = PBXFileReference; fileEncoding = 4; lastKnownFileType = sourcecode.c.objc; path = QuizCDManager.m; sourceTree = "<group>"; };
		A59E506119314138006E8889 /* Models.h */ = {isa = PBXFileReference; lastKnownFileType = sourcecode.c.h; path = Models.h; sourceTree = "<group>"; };
		A59E50631931436D006E8889 /* QuizBDC.h */ = {isa = PBXFileReference; fileEncoding = 4; lastKnownFileType = sourcecode.c.h; path = QuizBDC.h; sourceTree = "<group>"; };
		A59E50641931436D006E8889 /* QuizBDC.m */ = {isa = PBXFileReference; fileEncoding = 4; lastKnownFileType = sourcecode.c.objc; path = QuizBDC.m; sourceTree = "<group>"; };
		A59E50661931443F006E8889 /* Business.h */ = {isa = PBXFileReference; lastKnownFileType = sourcecode.c.h; path = Business.h; sourceTree = "<group>"; };
		A59E506819314613006E8889 /* P2PQuizzer.xcdatamodel */ = {isa = PBXFileReference; lastKnownFileType = wrapper.xcdatamodel; path = P2PQuizzer.xcdatamodel; sourceTree = "<group>"; };
		A59E506B19314BB3006E8889 /* NSString+Utilities.h */ = {isa = PBXFileReference; fileEncoding = 4; lastKnownFileType = sourcecode.c.h; path = "NSString+Utilities.h"; sourceTree = "<group>"; };
		A59E506C19314BB3006E8889 /* NSString+Utilities.m */ = {isa = PBXFileReference; fileEncoding = 4; lastKnownFileType = sourcecode.c.objc; path = "NSString+Utilities.m"; sourceTree = "<group>"; };
		A59E506E19314BE7006E8889 /* Categories.h */ = {isa = PBXFileReference; lastKnownFileType = sourcecode.c.h; path = Categories.h; sourceTree = "<group>"; };
		A5B68D5E191EBBB5009F108D /* MPCHandler.h */ = {isa = PBXFileReference; fileEncoding = 4; lastKnownFileType = sourcecode.c.h; path = MPCHandler.h; sourceTree = "<group>"; };
		A5B68D5F191EBBB5009F108D /* MPCHandler.m */ = {isa = PBXFileReference; fileEncoding = 4; lastKnownFileType = sourcecode.c.objc; path = MPCHandler.m; sourceTree = "<group>"; };
		A5B68D62191EC208009F108D /* AppShared.h */ = {isa = PBXFileReference; fileEncoding = 4; lastKnownFileType = sourcecode.c.h; path = AppShared.h; sourceTree = "<group>"; };
		A5B68D63191EC208009F108D /* AppShared.m */ = {isa = PBXFileReference; fileEncoding = 4; lastKnownFileType = sourcecode.c.objc; path = AppShared.m; sourceTree = "<group>"; };
		A5B68D66191ED4BC009F108D /* MPOptionsViewController.h */ = {isa = PBXFileReference; fileEncoding = 4; lastKnownFileType = sourcecode.c.h; path = MPOptionsViewController.h; sourceTree = "<group>"; };
		A5B68D67191ED4BC009F108D /* MPOptionsViewController.m */ = {isa = PBXFileReference; fileEncoding = 4; lastKnownFileType = sourcecode.c.objc; path = MPOptionsViewController.m; sourceTree = "<group>"; };
		A5B68D6A191ED532009F108D /* Storyboard.storyboard */ = {isa = PBXFileReference; fileEncoding = 4; lastKnownFileType = file.storyboard; path = Storyboard.storyboard; sourceTree = "<group>"; };
		A5DA912A1932487200474314 /* libz.1.2.5.dylib */ = {isa = PBXFileReference; lastKnownFileType = "compiled.mach-o.dylib"; name = libz.1.2.5.dylib; path = usr/lib/libz.1.2.5.dylib; sourceTree = SDKROOT; };
		A5DA912E1932496600474314 /* ChangeLogUnzip */ = {isa = PBXFileReference; fileEncoding = 4; lastKnownFileType = text; path = ChangeLogUnzip; sourceTree = "<group>"; };
		A5DA912F1932496600474314 /* crypt.h */ = {isa = PBXFileReference; fileEncoding = 4; lastKnownFileType = sourcecode.c.h; path = crypt.h; sourceTree = "<group>"; };
		A5DA91301932496600474314 /* ioapi.c */ = {isa = PBXFileReference; fileEncoding = 4; lastKnownFileType = sourcecode.c.c; path = ioapi.c; sourceTree = "<group>"; };
		A5DA91311932496600474314 /* ioapi.h */ = {isa = PBXFileReference; fileEncoding = 4; lastKnownFileType = sourcecode.c.h; path = ioapi.h; sourceTree = "<group>"; };
		A5DA91321932496600474314 /* mztools.c */ = {isa = PBXFileReference; fileEncoding = 4; lastKnownFileType = sourcecode.c.c; path = mztools.c; sourceTree = "<group>"; };
		A5DA91331932496600474314 /* mztools.h */ = {isa = PBXFileReference; fileEncoding = 4; lastKnownFileType = sourcecode.c.h; path = mztools.h; sourceTree = "<group>"; };
		A5DA91341932496700474314 /* unzip.c */ = {isa = PBXFileReference; fileEncoding = 4; lastKnownFileType = sourcecode.c.c; path = unzip.c; sourceTree = "<group>"; };
		A5DA91351932496700474314 /* unzip.h */ = {isa = PBXFileReference; fileEncoding = 4; lastKnownFileType = sourcecode.c.h; path = unzip.h; sourceTree = "<group>"; };
		A5DA91361932496700474314 /* zip.c */ = {isa = PBXFileReference; fileEncoding = 4; lastKnownFileType = sourcecode.c.c; path = zip.c; sourceTree = "<group>"; };
		A5DA91371932496700474314 /* zip.h */ = {isa = PBXFileReference; fileEncoding = 4; lastKnownFileType = sourcecode.c.h; path = zip.h; sourceTree = "<group>"; };
		A5DA91381932496700474314 /* ZipArchive.h */ = {isa = PBXFileReference; fileEncoding = 4; lastKnownFileType = sourcecode.c.h; path = ZipArchive.h; sourceTree = "<group>"; };
		A5DA91391932496700474314 /* ZipArchive.mm */ = {isa = PBXFileReference; fileEncoding = 4; lastKnownFileType = sourcecode.cpp.objcpp; path = ZipArchive.mm; sourceTree = "<group>"; };
		A5DA914119324E7C00474314 /* FileManager.h */ = {isa = PBXFileReference; fileEncoding = 4; lastKnownFileType = sourcecode.c.h; path = FileManager.h; sourceTree = "<group>"; };
		A5DA914219324E7C00474314 /* FileManager.m */ = {isa = PBXFileReference; fileEncoding = 4; lastKnownFileType = sourcecode.c.objc; path = FileManager.m; sourceTree = "<group>"; };
		A5DA9145193255C700474314 /* Question+Parser.h */ = {isa = PBXFileReference; fileEncoding = 4; lastKnownFileType = sourcecode.c.h; path = "Question+Parser.h"; sourceTree = "<group>"; };
		A5DA9146193255C700474314 /* Question+Parser.m */ = {isa = PBXFileReference; fileEncoding = 4; lastKnownFileType = sourcecode.c.objc; path = "Question+Parser.m"; sourceTree = "<group>"; };
		A5DA9147193255C700474314 /* QuestionChoice+Parser.h */ = {isa = PBXFileReference; fileEncoding = 4; lastKnownFileType = sourcecode.c.h; path = "QuestionChoice+Parser.h"; sourceTree = "<group>"; };
		A5DA9148193255C700474314 /* QuestionChoice+Parser.m */ = {isa = PBXFileReference; fileEncoding = 4; lastKnownFileType = sourcecode.c.objc; path = "QuestionChoice+Parser.m"; sourceTree = "<group>"; };
		A5DA9149193255C700474314 /* Quiz+Parser.h */ = {isa = PBXFileReference; fileEncoding = 4; lastKnownFileType = sourcecode.c.h; path = "Quiz+Parser.h"; sourceTree = "<group>"; };
		A5DA914A193255C700474314 /* Quiz+Parser.m */ = {isa = PBXFileReference; fileEncoding = 4; lastKnownFileType = sourcecode.c.objc; path = "Quiz+Parser.m"; sourceTree = "<group>"; };
		A5DA914B193255C700474314 /* Result+Parser.h */ = {isa = PBXFileReference; fileEncoding = 4; lastKnownFileType = sourcecode.c.h; path = "Result+Parser.h"; sourceTree = "<group>"; };
		A5DA914C193255C700474314 /* Result+Parser.m */ = {isa = PBXFileReference; fileEncoding = 4; lastKnownFileType = sourcecode.c.objc; path = "Result+Parser.m"; sourceTree = "<group>"; };
		A5DA914D193255C700474314 /* StudentAnswer+Parser.h */ = {isa = PBXFileReference; fileEncoding = 4; lastKnownFileType = sourcecode.c.h; path = "StudentAnswer+Parser.h"; sourceTree = "<group>"; };
		A5DA914E193255C700474314 /* StudentAnswer+Parser.m */ = {isa = PBXFileReference; fileEncoding = 4; lastKnownFileType = sourcecode.c.objc; path = "StudentAnswer+Parser.m"; sourceTree = "<group>"; };
		A5DA914F193255C700474314 /* StudentResult+Parser.h */ = {isa = PBXFileReference; fileEncoding = 4; lastKnownFileType = sourcecode.c.h; path = "StudentResult+Parser.h"; sourceTree = "<group>"; };
		A5DA9150193255C700474314 /* StudentResult+Parser.m */ = {isa = PBXFileReference; fileEncoding = 4; lastKnownFileType = sourcecode.c.objc; path = "StudentResult+Parser.m"; sourceTree = "<group>"; };
		A5DA9151193255C700474314 /* TopScorer+Parser.h */ = {isa = PBXFileReference; fileEncoding = 4; lastKnownFileType = sourcecode.c.h; path = "TopScorer+Parser.h"; sourceTree = "<group>"; };
		A5DA9152193255C700474314 /* TopScorer+Parser.m */ = {isa = PBXFileReference; fileEncoding = 4; lastKnownFileType = sourcecode.c.objc; path = "TopScorer+Parser.m"; sourceTree = "<group>"; };
		A5DA915A193256FB00474314 /* NSDictionary+Utilities.h */ = {isa = PBXFileReference; fileEncoding = 4; lastKnownFileType = sourcecode.c.h; path = "NSDictionary+Utilities.h"; sourceTree = "<group>"; };
		A5DA915B193256FB00474314 /* NSDictionary+Utilities.m */ = {isa = PBXFileReference; fileEncoding = 4; lastKnownFileType = sourcecode.c.objc; path = "NSDictionary+Utilities.m"; sourceTree = "<group>"; };
/* End PBXFileReference section */

/* Begin PBXFrameworksBuildPhase section */
		A59C89AE190D68D9005829D7 /* Frameworks */ = {
			isa = PBXFrameworksBuildPhase;
			buildActionMask = 2147483647;
			files = (
				A5DA912B1932487200474314 /* libz.1.2.5.dylib in Frameworks */,
				A59C89B7190D68D9005829D7 /* CoreGraphics.framework in Frameworks */,
				A59C89BB190D68D9005829D7 /* CoreData.framework in Frameworks */,
				A59C89B9190D68D9005829D7 /* UIKit.framework in Frameworks */,
				A59C89B5190D68D9005829D7 /* Foundation.framework in Frameworks */,
			);
			runOnlyForDeploymentPostprocessing = 0;
		};
		A59C89CE190D68D9005829D7 /* Frameworks */ = {
			isa = PBXFrameworksBuildPhase;
			buildActionMask = 2147483647;
			files = (
				A59C89D3190D68D9005829D7 /* XCTest.framework in Frameworks */,
				A59C89D6190D68D9005829D7 /* CoreData.framework in Frameworks */,
				A59C89D5190D68D9005829D7 /* UIKit.framework in Frameworks */,
				A59C89D4190D68D9005829D7 /* Foundation.framework in Frameworks */,
			);
			runOnlyForDeploymentPostprocessing = 0;
		};
/* End PBXFrameworksBuildPhase section */

/* Begin PBXGroup section */
		4CC9F8531929033B00CC524B /* Modals */ = {
			isa = PBXGroup;
			children = (
				4CC9F8541929039000CC524B /* Base */,
				4CC9F858192903C800CC524B /* Profile.h */,
				4CC9F859192903C800CC524B /* Profile.m */,
				4CC9F85B192903E600CC524B /* QuestionChoice.h */,
				4CC9F85C192903E600CC524B /* QuestionChoice.m */,
				4CC9F85E192903FB00CC524B /* Question.h */,
				4CC9F85F192903FB00CC524B /* Question.m */,
				4CC9F8611929040A00CC524B /* Quiz.h */,
				4CC9F8621929040A00CC524B /* Quiz.m */,
				4CC9F8641929041800CC524B /* Result.h */,
				4CC9F8651929041800CC524B /* Result.m */,
				4CC9F86A1929044D00CC524B /* StudentResult.h */,
				4CC9F86B1929044D00CC524B /* StudentResult.m */,
				4CC9F86D1929045F00CC524B /* StudentAnswer.h */,
				4CC9F86E1929045F00CC524B /* StudentAnswer.m */,
				4CC9F8701929047300CC524B /* TopScorer.h */,
				4CC9F8711929047300CC524B /* TopScorer.m */,
				A59E506119314138006E8889 /* Models.h */,
				4CCB01E919326AA8008BF3C2 /* StudentAnswerSheet.h */,
				4CCB01EA19326AA8008BF3C2 /* StudentAnswerSheet.m */,
			);
			path = Modals;
			sourceTree = "<group>";
		};
		4CC9F8541929039000CC524B /* Base */ = {
			isa = PBXGroup;
			children = (
				4CC9F855192903A600CC524B /* ModalBase.h */,
				4CC9F856192903A600CC524B /* ModalBase.m */,
			);
			path = Base;
			sourceTree = "<group>";
		};
		A59C89A8190D68D9005829D7 = {
			isa = PBXGroup;
			children = (
				A59C89BC190D68D9005829D7 /* P2PQuizzer */,
				A59C89D9190D68D9005829D7 /* P2PQuizzerTests */,
				A59C89B3190D68D9005829D7 /* Frameworks */,
				A59C89B2190D68D9005829D7 /* Products */,
			);
			sourceTree = "<group>";
		};
		A59C89B2190D68D9005829D7 /* Products */ = {
			isa = PBXGroup;
			children = (
				A59C89B1190D68D9005829D7 /* P2PQuizzer.app */,
				A59C89D1190D68D9005829D7 /* P2PQuizzerTests.xctest */,
			);
			name = Products;
			sourceTree = "<group>";
		};
		A59C89B3190D68D9005829D7 /* Frameworks */ = {
			isa = PBXGroup;
			children = (
				A5DA912A1932487200474314 /* libz.1.2.5.dylib */,
				A59C89B4190D68D9005829D7 /* Foundation.framework */,
				A59C89B6190D68D9005829D7 /* CoreGraphics.framework */,
				A59C89B8190D68D9005829D7 /* UIKit.framework */,
				A59C89BA190D68D9005829D7 /* CoreData.framework */,
				A59C89D2190D68D9005829D7 /* XCTest.framework */,
			);
			name = Frameworks;
			sourceTree = "<group>";
		};
		A59C89BC190D68D9005829D7 /* P2PQuizzer */ = {
			isa = PBXGroup;
			children = (
				A59E50621931434F006E8889 /* Business */,
				4CC9F8531929033B00CC524B /* Modals */,
				A5B68D6C191EE7B8009F108D /* AppDelegate */,
				A5B68D65191ED487009F108D /* UserInterface */,
				A5B68D58191EBB0D009F108D /* Core */,
				A59C89CB190D68D9005829D7 /* Images.xcassets */,
				A59C89BD190D68D9005829D7 /* Supporting Files */,
			);
			path = P2PQuizzer;
			sourceTree = "<group>";
		};
		A59C89BD190D68D9005829D7 /* Supporting Files */ = {
			isa = PBXGroup;
			children = (
				A59C89BE190D68D9005829D7 /* P2PQuizzer-Info.plist */,
				A59C89BF190D68D9005829D7 /* InfoPlist.strings */,
				A59C89C2190D68D9005829D7 /* main.m */,
				A59C89C4190D68D9005829D7 /* P2PQuizzer-Prefix.pch */,
			);
			name = "Supporting Files";
			sourceTree = "<group>";
		};
		A59C89D9190D68D9005829D7 /* P2PQuizzerTests */ = {
			isa = PBXGroup;
			children = (
				A59C89DF190D68D9005829D7 /* P2PQuizzerTests.m */,
				A59C89DA190D68D9005829D7 /* Supporting Files */,
			);
			path = P2PQuizzerTests;
			sourceTree = "<group>";
		};
		A59C89DA190D68D9005829D7 /* Supporting Files */ = {
			isa = PBXGroup;
			children = (
				A59C89DB190D68D9005829D7 /* P2PQuizzerTests-Info.plist */,
				A59C89DC190D68D9005829D7 /* InfoPlist.strings */,
			);
			name = "Supporting Files";
			sourceTree = "<group>";
		};
		A59E4FF81931241E006E8889 /* CoreData */ = {
			isa = PBXGroup;
			children = (
				A59E506719314613006E8889 /* P2PQuizzer.xcdatamodeld */,
				A59E4FFD19312448006E8889 /* DBManager */,
				A59E4FF91931241E006E8889 /* CoreDataModels */,
			);
			path = CoreData;
			sourceTree = "<group>";
		};
		A59E4FF91931241E006E8889 /* CoreDataModels */ = {
			isa = PBXGroup;
			children = (
				A59E4FFA1931241E006E8889 /* QuizCDModel.h */,
				A59E4FFB1931241E006E8889 /* QuizCDModel.m */,
			);
			path = CoreDataModels;
			sourceTree = "<group>";
		};
		A59E4FFD19312448006E8889 /* DBManager */ = {
			isa = PBXGroup;
			children = (
				A59E4FFE1931247C006E8889 /* BaseCDManager.h */,
				A59E4FFF1931247C006E8889 /* BaseCDManager.m */,
				A59E5001193124A9006E8889 /* DBHelper.h */,
				A59E5002193124A9006E8889 /* DBHelper.m */,
				A59E505D19313C8A006E8889 /* QuizCDManager.h */,
				A59E505E19313C8A006E8889 /* QuizCDManager.m */,
			);
			path = DBManager;
			sourceTree = "<group>";
		};
		A59E5004193132AF006E8889 /* External */ = {
			isa = PBXGroup;
			children = (
				A5DA912C1932496600474314 /* ZipArchive */,
				A59E5005193132AF006E8889 /* MagicalRecord */,
			);
			path = External;
			sourceTree = "<group>";
		};
		A59E5005193132AF006E8889 /* MagicalRecord */ = {
			isa = PBXGroup;
			children = (
				A59E5006193132AF006E8889 /* Categories */,
				A59E5030193132AF006E8889 /* Core */,
				A59E5042193132AF006E8889 /* CoreData+MagicalRecord.h */,
			);
			path = MagicalRecord;
			sourceTree = "<group>";
		};
		A59E5006193132AF006E8889 /* Categories */ = {
			isa = PBXGroup;
			children = (
				A59E5007193132AF006E8889 /* DataImport */,
				A59E5016193132AF006E8889 /* NSManagedObject */,
				A59E5021193132AF006E8889 /* NSManagedObjectContext */,
				A59E502A193132AF006E8889 /* NSManagedObjectModel+MagicalRecord.h */,
				A59E502B193132AF006E8889 /* NSManagedObjectModel+MagicalRecord.m */,
				A59E502C193132AF006E8889 /* NSPersistentStore+MagicalRecord.h */,
				A59E502D193132AF006E8889 /* NSPersistentStore+MagicalRecord.m */,
				A59E502E193132AF006E8889 /* NSPersistentStoreCoordinator+MagicalRecord.h */,
				A59E502F193132AF006E8889 /* NSPersistentStoreCoordinator+MagicalRecord.m */,
			);
			path = Categories;
			sourceTree = "<group>";
		};
		A59E5007193132AF006E8889 /* DataImport */ = {
			isa = PBXGroup;
			children = (
				A59E5008193132AF006E8889 /* MagicalImportFunctions.h */,
				A59E5009193132AF006E8889 /* MagicalImportFunctions.m */,
				A59E500A193132AF006E8889 /* NSAttributeDescription+MagicalDataImport.h */,
				A59E500B193132AF006E8889 /* NSAttributeDescription+MagicalDataImport.m */,
				A59E500C193132AF006E8889 /* NSEntityDescription+MagicalDataImport.h */,
				A59E500D193132AF006E8889 /* NSEntityDescription+MagicalDataImport.m */,
				A59E500E193132AF006E8889 /* NSNumber+MagicalDataImport.h */,
				A59E500F193132AF006E8889 /* NSNumber+MagicalDataImport.m */,
				A59E5010193132AF006E8889 /* NSObject+MagicalDataImport.h */,
				A59E5011193132AF006E8889 /* NSObject+MagicalDataImport.m */,
				A59E5012193132AF006E8889 /* NSRelationshipDescription+MagicalDataImport.h */,
				A59E5013193132AF006E8889 /* NSRelationshipDescription+MagicalDataImport.m */,
				A59E5014193132AF006E8889 /* NSString+MagicalDataImport.h */,
				A59E5015193132AF006E8889 /* NSString+MagicalDataImport.m */,
			);
			path = DataImport;
			sourceTree = "<group>";
		};
		A59E5016193132AF006E8889 /* NSManagedObject */ = {
			isa = PBXGroup;
			children = (
				A59E5017193132AF006E8889 /* NSManagedObject+MagicalAggregation.h */,
				A59E5018193132AF006E8889 /* NSManagedObject+MagicalAggregation.m */,
				A59E5019193132AF006E8889 /* NSManagedObject+MagicalDataImport.h */,
				A59E501A193132AF006E8889 /* NSManagedObject+MagicalDataImport.m */,
				A59E501B193132AF006E8889 /* NSManagedObject+MagicalFinders.h */,
				A59E501C193132AF006E8889 /* NSManagedObject+MagicalFinders.m */,
				A59E501D193132AF006E8889 /* NSManagedObject+MagicalRecord.h */,
				A59E501E193132AF006E8889 /* NSManagedObject+MagicalRecord.m */,
				A59E501F193132AF006E8889 /* NSManagedObject+MagicalRequests.h */,
				A59E5020193132AF006E8889 /* NSManagedObject+MagicalRequests.m */,
			);
			path = NSManagedObject;
			sourceTree = "<group>";
		};
		A59E5021193132AF006E8889 /* NSManagedObjectContext */ = {
			isa = PBXGroup;
			children = (
				A59E5022193132AF006E8889 /* NSManagedObjectContext+MagicalObserving.h */,
				A59E5023193132AF006E8889 /* NSManagedObjectContext+MagicalObserving.m */,
				A59E5024193132AF006E8889 /* NSManagedObjectContext+MagicalRecord.h */,
				A59E5025193132AF006E8889 /* NSManagedObjectContext+MagicalRecord.m */,
				A59E5026193132AF006E8889 /* NSManagedObjectContext+MagicalSaves.h */,
				A59E5027193132AF006E8889 /* NSManagedObjectContext+MagicalSaves.m */,
				A59E5028193132AF006E8889 /* NSManagedObjectContext+MagicalThreading.h */,
				A59E5029193132AF006E8889 /* NSManagedObjectContext+MagicalThreading.m */,
			);
			path = NSManagedObjectContext;
			sourceTree = "<group>";
		};
		A59E5030193132AF006E8889 /* Core */ = {
			isa = PBXGroup;
			children = (
				A59E5031193132AF006E8889 /* MagicalRecord+Actions.h */,
				A59E5032193132AF006E8889 /* MagicalRecord+Actions.m */,
				A59E5033193132AF006E8889 /* MagicalRecord+ErrorHandling.h */,
				A59E5034193132AF006E8889 /* MagicalRecord+ErrorHandling.m */,
				A59E5035193132AF006E8889 /* MagicalRecord+iCloud.h */,
				A59E5036193132AF006E8889 /* MagicalRecord+iCloud.m */,
				A59E5037193132AF006E8889 /* MagicalRecord+Options.h */,
				A59E5038193132AF006E8889 /* MagicalRecord+Options.m */,
				A59E5039193132AF006E8889 /* MagicalRecord+Setup.h */,
				A59E503A193132AF006E8889 /* MagicalRecord+Setup.m */,
				A59E503B193132AF006E8889 /* MagicalRecord+ShorthandSupport.h */,
				A59E503C193132AF006E8889 /* MagicalRecord+ShorthandSupport.m */,
				A59E503D193132AF006E8889 /* MagicalRecord.h */,
				A59E503E193132AF006E8889 /* MagicalRecord.m */,
				A59E503F193132AF006E8889 /* MagicalRecordDeprecated.h */,
				A59E5040193132AF006E8889 /* MagicalRecordLogging.h */,
				A59E5041193132AF006E8889 /* MagicalRecordShorthand.h */,
			);
			path = Core;
			sourceTree = "<group>";
		};
		A59E50621931434F006E8889 /* Business */ = {
			isa = PBXGroup;
			children = (
				A59E50631931436D006E8889 /* QuizBDC.h */,
				A59E50641931436D006E8889 /* QuizBDC.m */,
				A59E50661931443F006E8889 /* Business.h */,
			);
			path = Business;
			sourceTree = "<group>";
		};
		A59E506A19314B5F006E8889 /* Categories */ = {
			isa = PBXGroup;
			children = (
				A5DA915A193256FB00474314 /* NSDictionary+Utilities.h */,
				A5DA915B193256FB00474314 /* NSDictionary+Utilities.m */,
				A59E506B19314BB3006E8889 /* NSString+Utilities.h */,
				A59E506C19314BB3006E8889 /* NSString+Utilities.m */,
				A59E506E19314BE7006E8889 /* Categories.h */,
			);
			path = Categories;
			sourceTree = "<group>";
		};
		A5B68D58191EBB0D009F108D /* Core */ = {
			isa = PBXGroup;
			children = (
				A5DA91441932559000474314 /* Parser */,
				A5DA914019324DE000474314 /* FileManager */,
				A59E506A19314B5F006E8889 /* Categories */,
				A59E5004193132AF006E8889 /* External */,
				A59E4FF81931241E006E8889 /* CoreData */,
				A5B68D61191EC121009F108D /* Shared */,
				A5B68D5D191EBBB5009F108D /* MPConnectivity */,
			);
			path = Core;
			sourceTree = "<group>";
		};
		A5B68D5D191EBBB5009F108D /* MPConnectivity */ = {
			isa = PBXGroup;
			children = (
				A5B68D5E191EBBB5009F108D /* MPCHandler.h */,
				A5B68D5F191EBBB5009F108D /* MPCHandler.m */,
			);
			path = MPConnectivity;
			sourceTree = "<group>";
		};
		A5B68D61191EC121009F108D /* Shared */ = {
			isa = PBXGroup;
			children = (
				A5B68D62191EC208009F108D /* AppShared.h */,
				A5B68D63191EC208009F108D /* AppShared.m */,
			);
			path = Shared;
			sourceTree = "<group>";
		};
		A5B68D65191ED487009F108D /* UserInterface */ = {
			isa = PBXGroup;
			children = (
				A5B68D69191ED51C009F108D /* Storyboards */,
				A5B68D66191ED4BC009F108D /* MPOptionsViewController.h */,
				A5B68D67191ED4BC009F108D /* MPOptionsViewController.m */,
			);
			path = UserInterface;
			sourceTree = "<group>";
		};
		A5B68D69191ED51C009F108D /* Storyboards */ = {
			isa = PBXGroup;
			children = (
				A5B68D6A191ED532009F108D /* Storyboard.storyboard */,
			);
			path = Storyboards;
			sourceTree = "<group>";
		};
		A5B68D6C191EE7B8009F108D /* AppDelegate */ = {
			isa = PBXGroup;
			children = (
				A59C89C5190D68D9005829D7 /* AppDelegate.h */,
				A59C89C6190D68D9005829D7 /* AppDelegate.m */,
			);
			name = AppDelegate;
			sourceTree = "<group>";
		};
		A5DA912C1932496600474314 /* ZipArchive */ = {
			isa = PBXGroup;
			children = (
				A5DA912D1932496600474314 /* minizip */,
				A5DA91381932496700474314 /* ZipArchive.h */,
				A5DA91391932496700474314 /* ZipArchive.mm */,
			);
			path = ZipArchive;
			sourceTree = "<group>";
		};
		A5DA912D1932496600474314 /* minizip */ = {
			isa = PBXGroup;
			children = (
				A5DA912E1932496600474314 /* ChangeLogUnzip */,
				A5DA912F1932496600474314 /* crypt.h */,
				A5DA91301932496600474314 /* ioapi.c */,
				A5DA91311932496600474314 /* ioapi.h */,
				A5DA91321932496600474314 /* mztools.c */,
				A5DA91331932496600474314 /* mztools.h */,
				A5DA91341932496700474314 /* unzip.c */,
				A5DA91351932496700474314 /* unzip.h */,
				A5DA91361932496700474314 /* zip.c */,
				A5DA91371932496700474314 /* zip.h */,
			);
			path = minizip;
			sourceTree = "<group>";
		};
		A5DA914019324DE000474314 /* FileManager */ = {
			isa = PBXGroup;
			children = (
				A5DA914119324E7C00474314 /* FileManager.h */,
				A5DA914219324E7C00474314 /* FileManager.m */,
			);
			path = FileManager;
			sourceTree = "<group>";
		};
		A5DA91441932559000474314 /* Parser */ = {
			isa = PBXGroup;
			children = (
				4CCB01EC19326ADF008BF3C2 /* StudentAnswerSheet+Parser.h */,
				4CCB01ED19326ADF008BF3C2 /* StudentAnswerSheet+Parser.m */,
				A5DA9145193255C700474314 /* Question+Parser.h */,
				A5DA9146193255C700474314 /* Question+Parser.m */,
				A5DA9147193255C700474314 /* QuestionChoice+Parser.h */,
				A5DA9148193255C700474314 /* QuestionChoice+Parser.m */,
				A5DA9149193255C700474314 /* Quiz+Parser.h */,
				A5DA914A193255C700474314 /* Quiz+Parser.m */,
				A5DA914B193255C700474314 /* Result+Parser.h */,
				A5DA914C193255C700474314 /* Result+Parser.m */,
				A5DA914D193255C700474314 /* StudentAnswer+Parser.h */,
				A5DA914E193255C700474314 /* StudentAnswer+Parser.m */,
				A5DA914F193255C700474314 /* StudentResult+Parser.h */,
				A5DA9150193255C700474314 /* StudentResult+Parser.m */,
				A5DA9151193255C700474314 /* TopScorer+Parser.h */,
				A5DA9152193255C700474314 /* TopScorer+Parser.m */,
			);
			path = Parser;
			sourceTree = "<group>";
		};
/* End PBXGroup section */

/* Begin PBXNativeTarget section */
		A59C89B0190D68D9005829D7 /* P2PQuizzer */ = {
			isa = PBXNativeTarget;
			buildConfigurationList = A59C89E3190D68D9005829D7 /* Build configuration list for PBXNativeTarget "P2PQuizzer" */;
			buildPhases = (
				A59C89AD190D68D9005829D7 /* Sources */,
				A59C89AE190D68D9005829D7 /* Frameworks */,
				A59C89AF190D68D9005829D7 /* Resources */,
			);
			buildRules = (
			);
			dependencies = (
			);
			name = P2PQuizzer;
			productName = P2PQuizzer;
			productReference = A59C89B1190D68D9005829D7 /* P2PQuizzer.app */;
			productType = "com.apple.product-type.application";
		};
		A59C89D0190D68D9005829D7 /* P2PQuizzerTests */ = {
			isa = PBXNativeTarget;
			buildConfigurationList = A59C89E6190D68D9005829D7 /* Build configuration list for PBXNativeTarget "P2PQuizzerTests" */;
			buildPhases = (
				A59C89CD190D68D9005829D7 /* Sources */,
				A59C89CE190D68D9005829D7 /* Frameworks */,
				A59C89CF190D68D9005829D7 /* Resources */,
			);
			buildRules = (
			);
			dependencies = (
				A59C89D8190D68D9005829D7 /* PBXTargetDependency */,
			);
			name = P2PQuizzerTests;
			productName = P2PQuizzerTests;
			productReference = A59C89D1190D68D9005829D7 /* P2PQuizzerTests.xctest */;
			productType = "com.apple.product-type.bundle.unit-test";
		};
/* End PBXNativeTarget section */

/* Begin PBXProject section */
		A59C89A9190D68D9005829D7 /* Project object */ = {
			isa = PBXProject;
			attributes = {
				LastUpgradeCheck = 0510;
				ORGANIZATIONNAME = NTEG;
				TargetAttributes = {
					A59C89B0190D68D9005829D7 = {
						DevelopmentTeam = QGV3PZ9CHR;
					};
					A59C89D0190D68D9005829D7 = {
						TestTargetID = A59C89B0190D68D9005829D7;
					};
				};
			};
			buildConfigurationList = A59C89AC190D68D9005829D7 /* Build configuration list for PBXProject "P2PQuizzer" */;
			compatibilityVersion = "Xcode 3.2";
			developmentRegion = English;
			hasScannedForEncodings = 0;
			knownRegions = (
				en,
			);
			mainGroup = A59C89A8190D68D9005829D7;
			productRefGroup = A59C89B2190D68D9005829D7 /* Products */;
			projectDirPath = "";
			projectRoot = "";
			targets = (
				A59C89B0190D68D9005829D7 /* P2PQuizzer */,
				A59C89D0190D68D9005829D7 /* P2PQuizzerTests */,
			);
		};
/* End PBXProject section */

/* Begin PBXResourcesBuildPhase section */
		A59C89AF190D68D9005829D7 /* Resources */ = {
			isa = PBXResourcesBuildPhase;
			buildActionMask = 2147483647;
			files = (
				A5DA913A1932496700474314 /* ChangeLogUnzip in Resources */,
				A59C89C1190D68D9005829D7 /* InfoPlist.strings in Resources */,
				A59C89CC190D68D9005829D7 /* Images.xcassets in Resources */,
				A5B68D6B191ED532009F108D /* Storyboard.storyboard in Resources */,
			);
			runOnlyForDeploymentPostprocessing = 0;
		};
		A59C89CF190D68D9005829D7 /* Resources */ = {
			isa = PBXResourcesBuildPhase;
			buildActionMask = 2147483647;
			files = (
				A59C89DE190D68D9005829D7 /* InfoPlist.strings in Resources */,
			);
			runOnlyForDeploymentPostprocessing = 0;
		};
/* End PBXResourcesBuildPhase section */

/* Begin PBXSourcesBuildPhase section */
		A59C89AD190D68D9005829D7 /* Sources */ = {
			isa = PBXSourcesBuildPhase;
			buildActionMask = 2147483647;
			files = (
				A59E5048193132AF006E8889 /* NSRelationshipDescription+MagicalDataImport.m in Sources */,
				A5DA9157193255C700474314 /* StudentAnswer+Parser.m in Sources */,
				A5DA9156193255C700474314 /* Result+Parser.m in Sources */,
				A59E5053193132AF006E8889 /* NSManagedObjectModel+MagicalRecord.m in Sources */,
				4CC9F857192903A600CC524B /* ModalBase.m in Sources */,
				A5B68D60191EBBB5009F108D /* MPCHandler.m in Sources */,
				A59E505A193132AF006E8889 /* MagicalRecord+Setup.m in Sources */,
				A59E5045193132AF006E8889 /* NSEntityDescription+MagicalDataImport.m in Sources */,
				A5DA913E1932496700474314 /* zip.c in Sources */,
				4CC9F86C1929044D00CC524B /* StudentResult.m in Sources */,
				A59E5051193132AF006E8889 /* NSManagedObjectContext+MagicalSaves.m in Sources */,
				A59E5049193132AF006E8889 /* NSString+MagicalDataImport.m in Sources */,
				A59E505F19313C8A006E8889 /* QuizCDManager.m in Sources */,
				A5B68D68191ED4BC009F108D /* MPOptionsViewController.m in Sources */,
				A59E5046193132AF006E8889 /* NSNumber+MagicalDataImport.m in Sources */,
				A59E50651931436D006E8889 /* QuizBDC.m in Sources */,
				A5B68D64191EC208009F108D /* AppShared.m in Sources */,
				A59E5054193132AF006E8889 /* NSPersistentStore+MagicalRecord.m in Sources */,
				A59E506D19314BB3006E8889 /* NSString+Utilities.m in Sources */,
				A5DA913D1932496700474314 /* unzip.c in Sources */,
				A59E504A193132AF006E8889 /* NSManagedObject+MagicalAggregation.m in Sources */,
				A59E5058193132AF006E8889 /* MagicalRecord+iCloud.m in Sources */,
				4CC9F8631929040A00CC524B /* Quiz.m in Sources */,
				A59E50001931247C006E8889 /* BaseCDManager.m in Sources */,
				A59E5050193132AF006E8889 /* NSManagedObjectContext+MagicalRecord.m in Sources */,
				A59E5047193132AF006E8889 /* NSObject+MagicalDataImport.m in Sources */,
				A59E504E193132AF006E8889 /* NSManagedObject+MagicalRequests.m in Sources */,
				4CC9F8721929047300CC524B /* TopScorer.m in Sources */,
				4CC9F8661929041800CC524B /* Result.m in Sources */,
				4CC9F85A192903C800CC524B /* Profile.m in Sources */,
				A5DA9154193255C700474314 /* QuestionChoice+Parser.m in Sources */,
				A59E5059193132AF006E8889 /* MagicalRecord+Options.m in Sources */,
				A59E4FFC1931241E006E8889 /* QuizCDModel.m in Sources */,
				A5DA913F1932496700474314 /* ZipArchive.mm in Sources */,
				A59E5055193132AF006E8889 /* NSPersistentStoreCoordinator+MagicalRecord.m in Sources */,
				A5DA9155193255C700474314 /* Quiz+Parser.m in Sources */,
				A59E5052193132AF006E8889 /* NSManagedObjectContext+MagicalThreading.m in Sources */,
				A59E506919314613006E8889 /* P2PQuizzer.xcdatamodeld in Sources */,
				4CC9F85D192903E600CC524B /* QuestionChoice.m in Sources */,
				A5DA913C1932496700474314 /* mztools.c in Sources */,
				A59E5057193132AF006E8889 /* MagicalRecord+ErrorHandling.m in Sources */,
				4CC9F860192903FB00CC524B /* Question.m in Sources */,
				A59E504D193132AF006E8889 /* NSManagedObject+MagicalRecord.m in Sources */,
				A5DA915C193256FB00474314 /* NSDictionary+Utilities.m in Sources */,
				A59E5044193132AF006E8889 /* NSAttributeDescription+MagicalDataImport.m in Sources */,
				4CCB01EE19326ADF008BF3C2 /* StudentAnswerSheet+Parser.m in Sources */,
				A59C89C7190D68D9005829D7 /* AppDelegate.m in Sources */,
				A59E5003193124A9006E8889 /* DBHelper.m in Sources */,
				A59E505C193132AF006E8889 /* MagicalRecord.m in Sources */,
				A59E5056193132AF006E8889 /* MagicalRecord+Actions.m in Sources */,
				A5DA914319324E7C00474314 /* FileManager.m in Sources */,
				A59C89C3190D68D9005829D7 /* main.m in Sources */,
				A5DA9158193255C700474314 /* StudentResult+Parser.m in Sources */,
				4CC9F86F1929045F00CC524B /* StudentAnswer.m in Sources */,
				A5DA913B1932496700474314 /* ioapi.c in Sources */,
				A5DA9153193255C700474314 /* Question+Parser.m in Sources */,
				A59E504F193132AF006E8889 /* NSManagedObjectContext+MagicalObserving.m in Sources */,
				A59E505B193132AF006E8889 /* MagicalRecord+ShorthandSupport.m in Sources */,
				4CCB01EB19326AA8008BF3C2 /* StudentAnswerSheet.m in Sources */,
				A5DA9159193255C700474314 /* TopScorer+Parser.m in Sources */,
				A59E5043193132AF006E8889 /* MagicalImportFunctions.m in Sources */,
				A59E504C193132AF006E8889 /* NSManagedObject+MagicalFinders.m in Sources */,
				A59E504B193132AF006E8889 /* NSManagedObject+MagicalDataImport.m in Sources */,
			);
			runOnlyForDeploymentPostprocessing = 0;
		};
		A59C89CD190D68D9005829D7 /* Sources */ = {
			isa = PBXSourcesBuildPhase;
			buildActionMask = 2147483647;
			files = (
				A59C89E0190D68D9005829D7 /* P2PQuizzerTests.m in Sources */,
			);
			runOnlyForDeploymentPostprocessing = 0;
		};
/* End PBXSourcesBuildPhase section */

/* Begin PBXTargetDependency section */
		A59C89D8190D68D9005829D7 /* PBXTargetDependency */ = {
			isa = PBXTargetDependency;
			target = A59C89B0190D68D9005829D7 /* P2PQuizzer */;
			targetProxy = A59C89D7190D68D9005829D7 /* PBXContainerItemProxy */;
		};
/* End PBXTargetDependency section */

/* Begin PBXVariantGroup section */
		A59C89BF190D68D9005829D7 /* InfoPlist.strings */ = {
			isa = PBXVariantGroup;
			children = (
				A59C89C0190D68D9005829D7 /* en */,
			);
			name = InfoPlist.strings;
			sourceTree = "<group>";
		};
		A59C89DC190D68D9005829D7 /* InfoPlist.strings */ = {
			isa = PBXVariantGroup;
			children = (
				A59C89DD190D68D9005829D7 /* en */,
			);
			name = InfoPlist.strings;
			sourceTree = "<group>";
		};
/* End PBXVariantGroup section */

/* Begin XCBuildConfiguration section */
		A59C89E1190D68D9005829D7 /* Debug */ = {
			isa = XCBuildConfiguration;
			buildSettings = {
				ALWAYS_SEARCH_USER_PATHS = NO;
				CLANG_CXX_LANGUAGE_STANDARD = "gnu++0x";
				CLANG_CXX_LIBRARY = "libc++";
				CLANG_ENABLE_MODULES = YES;
				CLANG_ENABLE_OBJC_ARC = YES;
				CLANG_WARN_BOOL_CONVERSION = YES;
				CLANG_WARN_CONSTANT_CONVERSION = YES;
				CLANG_WARN_DIRECT_OBJC_ISA_USAGE = YES_ERROR;
				CLANG_WARN_EMPTY_BODY = YES;
				CLANG_WARN_ENUM_CONVERSION = YES;
				CLANG_WARN_INT_CONVERSION = YES;
				CLANG_WARN_OBJC_ROOT_CLASS = YES_ERROR;
				CLANG_WARN__DUPLICATE_METHOD_MATCH = YES;
				CODE_SIGN_IDENTITY = "iPhone Developer: Vaibhav Gadodia (7UZL6STARY)";
				"CODE_SIGN_IDENTITY[sdk=iphoneos*]" = "iPhone Developer: Vaibhav Gadodia (7UZL6STARY)";
				COPY_PHASE_STRIP = NO;
				GCC_C_LANGUAGE_STANDARD = gnu99;
				GCC_DYNAMIC_NO_PIC = NO;
				GCC_OPTIMIZATION_LEVEL = 0;
				GCC_PREPROCESSOR_DEFINITIONS = (
					"DEBUG=1",
					"$(inherited)",
				);
				GCC_SYMBOLS_PRIVATE_EXTERN = NO;
				GCC_WARN_64_TO_32_BIT_CONVERSION = YES;
				GCC_WARN_ABOUT_RETURN_TYPE = YES_ERROR;
				GCC_WARN_UNDECLARED_SELECTOR = YES;
				GCC_WARN_UNINITIALIZED_AUTOS = YES_AGGRESSIVE;
				GCC_WARN_UNUSED_FUNCTION = YES;
				GCC_WARN_UNUSED_VARIABLE = YES;
				IPHONEOS_DEPLOYMENT_TARGET = 7.1;
				ONLY_ACTIVE_ARCH = YES;
				PROVISIONING_PROFILE = "5884BAE9-EAD3-4C06-8731-6BFE6BB43117";
				SDKROOT = iphoneos;
				TARGETED_DEVICE_FAMILY = 2;
			};
			name = Debug;
		};
		A59C89E2190D68D9005829D7 /* Release */ = {
			isa = XCBuildConfiguration;
			buildSettings = {
				ALWAYS_SEARCH_USER_PATHS = NO;
				CLANG_CXX_LANGUAGE_STANDARD = "gnu++0x";
				CLANG_CXX_LIBRARY = "libc++";
				CLANG_ENABLE_MODULES = YES;
				CLANG_ENABLE_OBJC_ARC = YES;
				CLANG_WARN_BOOL_CONVERSION = YES;
				CLANG_WARN_CONSTANT_CONVERSION = YES;
				CLANG_WARN_DIRECT_OBJC_ISA_USAGE = YES_ERROR;
				CLANG_WARN_EMPTY_BODY = YES;
				CLANG_WARN_ENUM_CONVERSION = YES;
				CLANG_WARN_INT_CONVERSION = YES;
				CLANG_WARN_OBJC_ROOT_CLASS = YES_ERROR;
				CLANG_WARN__DUPLICATE_METHOD_MATCH = YES;
				CODE_SIGN_IDENTITY = "iPhone Developer: Vaibhav Gadodia (7UZL6STARY)";
				"CODE_SIGN_IDENTITY[sdk=iphoneos*]" = "iPhone Developer: Vaibhav Gadodia (7UZL6STARY)";
				COPY_PHASE_STRIP = YES;
				ENABLE_NS_ASSERTIONS = NO;
				GCC_C_LANGUAGE_STANDARD = gnu99;
				GCC_WARN_64_TO_32_BIT_CONVERSION = YES;
				GCC_WARN_ABOUT_RETURN_TYPE = YES_ERROR;
				GCC_WARN_UNDECLARED_SELECTOR = YES;
				GCC_WARN_UNINITIALIZED_AUTOS = YES_AGGRESSIVE;
				GCC_WARN_UNUSED_FUNCTION = YES;
				GCC_WARN_UNUSED_VARIABLE = YES;
				IPHONEOS_DEPLOYMENT_TARGET = 7.1;
				PROVISIONING_PROFILE = "5884BAE9-EAD3-4C06-8731-6BFE6BB43117";
				SDKROOT = iphoneos;
				TARGETED_DEVICE_FAMILY = 2;
				VALIDATE_PRODUCT = YES;
			};
			name = Release;
		};
		A59C89E4190D68D9005829D7 /* Debug */ = {
			isa = XCBuildConfiguration;
			buildSettings = {
				ASSETCATALOG_COMPILER_APPICON_NAME = AppIcon;
				ASSETCATALOG_COMPILER_LAUNCHIMAGE_NAME = LaunchImage;
				CODE_SIGN_IDENTITY = "iPhone Developer";
				"CODE_SIGN_IDENTITY[sdk=iphoneos*]" = "iPhone Developer";
				GCC_PRECOMPILE_PREFIX_HEADER = YES;
				GCC_PREFIX_HEADER = "P2PQuizzer/P2PQuizzer-Prefix.pch";
				INFOPLIST_FILE = "P2PQuizzer/P2PQuizzer-Info.plist";
				IPHONEOS_DEPLOYMENT_TARGET = 7.0;
				PRODUCT_NAME = "$(TARGET_NAME)";
				PROVISIONING_PROFILE = "";
				WRAPPER_EXTENSION = app;
			};
			name = Debug;
		};
		A59C89E5190D68D9005829D7 /* Release */ = {
			isa = XCBuildConfiguration;
			buildSettings = {
				ASSETCATALOG_COMPILER_APPICON_NAME = AppIcon;
				ASSETCATALOG_COMPILER_LAUNCHIMAGE_NAME = LaunchImage;
				CODE_SIGN_IDENTITY = "iPhone Developer";
				"CODE_SIGN_IDENTITY[sdk=iphoneos*]" = "iPhone Developer";
				GCC_PRECOMPILE_PREFIX_HEADER = YES;
				GCC_PREFIX_HEADER = "P2PQuizzer/P2PQuizzer-Prefix.pch";
				INFOPLIST_FILE = "P2PQuizzer/P2PQuizzer-Info.plist";
				IPHONEOS_DEPLOYMENT_TARGET = 7.0;
				PRODUCT_NAME = "$(TARGET_NAME)";
				PROVISIONING_PROFILE = "";
				WRAPPER_EXTENSION = app;
			};
			name = Release;
		};
		A59C89E7190D68D9005829D7 /* Debug */ = {
			isa = XCBuildConfiguration;
			buildSettings = {
				BUNDLE_LOADER = "$(BUILT_PRODUCTS_DIR)/P2PQuizzer.app/P2PQuizzer";
				FRAMEWORK_SEARCH_PATHS = (
					"$(SDKROOT)/Developer/Library/Frameworks",
					"$(inherited)",
					"$(DEVELOPER_FRAMEWORKS_DIR)",
				);
				GCC_PRECOMPILE_PREFIX_HEADER = YES;
				GCC_PREFIX_HEADER = "P2PQuizzer/P2PQuizzer-Prefix.pch";
				GCC_PREPROCESSOR_DEFINITIONS = (
					"DEBUG=1",
					"$(inherited)",
				);
				INFOPLIST_FILE = "P2PQuizzerTests/P2PQuizzerTests-Info.plist";
				PRODUCT_NAME = "$(TARGET_NAME)";
				TEST_HOST = "$(BUNDLE_LOADER)";
				WRAPPER_EXTENSION = xctest;
			};
			name = Debug;
		};
		A59C89E8190D68D9005829D7 /* Release */ = {
			isa = XCBuildConfiguration;
			buildSettings = {
				BUNDLE_LOADER = "$(BUILT_PRODUCTS_DIR)/P2PQuizzer.app/P2PQuizzer";
				FRAMEWORK_SEARCH_PATHS = (
					"$(SDKROOT)/Developer/Library/Frameworks",
					"$(inherited)",
					"$(DEVELOPER_FRAMEWORKS_DIR)",
				);
				GCC_PRECOMPILE_PREFIX_HEADER = YES;
				GCC_PREFIX_HEADER = "P2PQuizzer/P2PQuizzer-Prefix.pch";
				INFOPLIST_FILE = "P2PQuizzerTests/P2PQuizzerTests-Info.plist";
				PRODUCT_NAME = "$(TARGET_NAME)";
				TEST_HOST = "$(BUNDLE_LOADER)";
				WRAPPER_EXTENSION = xctest;
			};
			name = Release;
		};
/* End XCBuildConfiguration section */

/* Begin XCConfigurationList section */
		A59C89AC190D68D9005829D7 /* Build configuration list for PBXProject "P2PQuizzer" */ = {
			isa = XCConfigurationList;
			buildConfigurations = (
				A59C89E1190D68D9005829D7 /* Debug */,
				A59C89E2190D68D9005829D7 /* Release */,
			);
			defaultConfigurationIsVisible = 0;
			defaultConfigurationName = Release;
		};
		A59C89E3190D68D9005829D7 /* Build configuration list for PBXNativeTarget "P2PQuizzer" */ = {
			isa = XCConfigurationList;
			buildConfigurations = (
				A59C89E4190D68D9005829D7 /* Debug */,
				A59C89E5190D68D9005829D7 /* Release */,
			);
			defaultConfigurationIsVisible = 0;
			defaultConfigurationName = Release;
		};
		A59C89E6190D68D9005829D7 /* Build configuration list for PBXNativeTarget "P2PQuizzerTests" */ = {
			isa = XCConfigurationList;
			buildConfigurations = (
				A59C89E7190D68D9005829D7 /* Debug */,
				A59C89E8190D68D9005829D7 /* Release */,
			);
			defaultConfigurationIsVisible = 0;
			defaultConfigurationName = Release;
		};
/* End XCConfigurationList section */

/* Begin XCVersionGroup section */
		A59E506719314613006E8889 /* P2PQuizzer.xcdatamodeld */ = {
			isa = XCVersionGroup;
			children = (
				A59E506819314613006E8889 /* P2PQuizzer.xcdatamodel */,
			);
			currentVersion = A59E506819314613006E8889 /* P2PQuizzer.xcdatamodel */;
			path = P2PQuizzer.xcdatamodeld;
			sourceTree = "<group>";
			versionGroupType = wrapper.xcdatamodel;
		};
/* End XCVersionGroup section */
	};
	rootObject = A59C89A9190D68D9005829D7 /* Project object */;
}
